// !$*UTF8*$!
{
	archiveVersion = 1;
	classes = {
	};
	objectVersion = 46;
	objects = {

/* Begin PBXBuildFile section */
		8456DC971B32AB6C00DCD42F /* AppDelegate.swift in Sources */ = {isa = PBXBuildFile; fileRef = 8456DC961B32AB6C00DCD42F /* AppDelegate.swift */; };
		8456DC991B32AB6C00DCD42F /* ViewController.swift in Sources */ = {isa = PBXBuildFile; fileRef = 8456DC981B32AB6C00DCD42F /* ViewController.swift */; };
		8456DC9C1B32AB6C00DCD42F /* Main.storyboard in Resources */ = {isa = PBXBuildFile; fileRef = 8456DC9A1B32AB6C00DCD42F /* Main.storyboard */; };
		8456DC9E1B32AB6C00DCD42F /* Images.xcassets in Resources */ = {isa = PBXBuildFile; fileRef = 8456DC9D1B32AB6C00DCD42F /* Images.xcassets */; };
		8456DCA11B32AB6C00DCD42F /* LaunchScreen.xib in Resources */ = {isa = PBXBuildFile; fileRef = 8456DC9F1B32AB6C00DCD42F /* LaunchScreen.xib */; };
		8456DCAD1B32AB6C00DCD42F /* ActivityIndicatorTests.swift in Sources */ = {isa = PBXBuildFile; fileRef = 8456DCAC1B32AB6C00DCD42F /* ActivityIndicatorTests.swift */; };
		8456DCB71B32ABD900DCD42F /* DUIActivityIndicator.swift in Sources */ = {isa = PBXBuildFile; fileRef = 8456DCB61B32ABD900DCD42F /* DUIActivityIndicator.swift */; };
/* End PBXBuildFile section */

/* Begin PBXContainerItemProxy section */
		8456DCA71B32AB6C00DCD42F /* PBXContainerItemProxy */ = {
			isa = PBXContainerItemProxy;
			containerPortal = 8456DC891B32AB6C00DCD42F /* Project object */;
			proxyType = 1;
			remoteGlobalIDString = 8456DC901B32AB6C00DCD42F;
			remoteInfo = ActivityIndicator;
		};
/* End PBXContainerItemProxy section */

/* Begin PBXFileReference section */
		8456DC911B32AB6C00DCD42F /* ActivityIndicator.app */ = {isa = PBXFileReference; explicitFileType = wrapper.application; includeInIndex = 0; path = ActivityIndicator.app; sourceTree = BUILT_PRODUCTS_DIR; };
		8456DC951B32AB6C00DCD42F /* Info.plist */ = {isa = PBXFileReference; lastKnownFileType = text.plist.xml; path = Info.plist; sourceTree = "<group>"; };
		8456DC961B32AB6C00DCD42F /* AppDelegate.swift */ = {isa = PBXFileReference; lastKnownFileType = sourcecode.swift; path = AppDelegate.swift; sourceTree = "<group>"; };
		8456DC981B32AB6C00DCD42F /* ViewController.swift */ = {isa = PBXFileReference; lastKnownFileType = sourcecode.swift; path = ViewController.swift; sourceTree = "<group>"; };
		8456DC9B1B32AB6C00DCD42F /* Base */ = {isa = PBXFileReference; lastKnownFileType = file.storyboard; name = Base; path = Base.lproj/Main.storyboard; sourceTree = "<group>"; };
		8456DC9D1B32AB6C00DCD42F /* Images.xcassets */ = {isa = PBXFileReference; lastKnownFileType = folder.assetcatalog; path = Images.xcassets; sourceTree = "<group>"; };
		8456DCA01B32AB6C00DCD42F /* Base */ = {isa = PBXFileReference; lastKnownFileType = file.xib; name = Base; path = Base.lproj/LaunchScreen.xib; sourceTree = "<group>"; };
		8456DCA61B32AB6C00DCD42F /* ActivityIndicatorTests.xctest */ = {isa = PBXFileReference; explicitFileType = wrapper.cfbundle; includeInIndex = 0; path = ActivityIndicatorTests.xctest; sourceTree = BUILT_PRODUCTS_DIR; };
		8456DCAB1B32AB6C00DCD42F /* Info.plist */ = {isa = PBXFileReference; lastKnownFileType = text.plist.xml; path = Info.plist; sourceTree = "<group>"; };
		8456DCAC1B32AB6C00DCD42F /* ActivityIndicatorTests.swift */ = {isa = PBXFileReference; lastKnownFileType = sourcecode.swift; path = ActivityIndicatorTests.swift; sourceTree = "<group>"; };
		8456DCB61B32ABD900DCD42F /* DUIActivityIndicator.swift */ = {isa = PBXFileReference; fileEncoding = 4; lastKnownFileType = sourcecode.swift; path = DUIActivityIndicator.swift; sourceTree = "<group>"; };
/* End PBXFileReference section */

/* Begin PBXFrameworksBuildPhase section */
		8456DC8E1B32AB6C00DCD42F /* Frameworks */ = {
			isa = PBXFrameworksBuildPhase;
			buildActionMask = 2147483647;
			files = (
			);
			runOnlyForDeploymentPostprocessing = 0;
		};
		8456DCA31B32AB6C00DCD42F /* Frameworks */ = {
			isa = PBXFrameworksBuildPhase;
			buildActionMask = 2147483647;
			files = (
			);
			runOnlyForDeploymentPostprocessing = 0;
		};
/* End PBXFrameworksBuildPhase section */

/* Begin PBXGroup section */
		8456DC881B32AB6C00DCD42F = {
			isa = PBXGroup;
			children = (
				8456DC931B32AB6C00DCD42F /* ActivityIndicator */,
				8456DCA91B32AB6C00DCD42F /* ActivityIndicatorTests */,
				8456DC921B32AB6C00DCD42F /* Products */,
			);
			sourceTree = "<group>";
		};
		8456DC921B32AB6C00DCD42F /* Products */ = {
			isa = PBXGroup;
			children = (
				8456DC911B32AB6C00DCD42F /* ActivityIndicator.app */,
				8456DCA61B32AB6C00DCD42F /* ActivityIndicatorTests.xctest */,
			);
			name = Products;
			sourceTree = "<group>";
		};
		8456DC931B32AB6C00DCD42F /* ActivityIndicator */ = {
			isa = PBXGroup;
			children = (
				8456DC961B32AB6C00DCD42F /* AppDelegate.swift */,
				8456DC981B32AB6C00DCD42F /* ViewController.swift */,
				8456DCB61B32ABD900DCD42F /* DUIActivityIndicator.swift */,
				8456DC9A1B32AB6C00DCD42F /* Main.storyboard */,
				8456DC9D1B32AB6C00DCD42F /* Images.xcassets */,
				8456DC9F1B32AB6C00DCD42F /* LaunchScreen.xib */,
				8456DC941B32AB6C00DCD42F /* Supporting Files */,
			);
			path = ActivityIndicator;
			sourceTree = "<group>";
		};
		8456DC941B32AB6C00DCD42F /* Supporting Files */ = {
			isa = PBXGroup;
			children = (
				8456DC951B32AB6C00DCD42F /* Info.plist */,
			);
			name = "Supporting Files";
			sourceTree = "<group>";
		};
		8456DCA91B32AB6C00DCD42F /* ActivityIndicatorTests */ = {
			isa = PBXGroup;
			children = (
				8456DCAC1B32AB6C00DCD42F /* ActivityIndicatorTests.swift */,
				8456DCAA1B32AB6C00DCD42F /* Supporting Files */,
			);
			path = ActivityIndicatorTests;
			sourceTree = "<group>";
		};
		8456DCAA1B32AB6C00DCD42F /* Supporting Files */ = {
			isa = PBXGroup;
			children = (
				8456DCAB1B32AB6C00DCD42F /* Info.plist */,
			);
			name = "Supporting Files";
			sourceTree = "<group>";
		};
/* End PBXGroup section */

/* Begin PBXNativeTarget section */
		8456DC901B32AB6C00DCD42F /* ActivityIndicator */ = {
			isa = PBXNativeTarget;
			buildConfigurationList = 8456DCB01B32AB6C00DCD42F /* Build configuration list for PBXNativeTarget "ActivityIndicator" */;
			buildPhases = (
				8456DC8D1B32AB6C00DCD42F /* Sources */,
				8456DC8E1B32AB6C00DCD42F /* Frameworks */,
				8456DC8F1B32AB6C00DCD42F /* Resources */,
			);
			buildRules = (
			);
			dependencies = (
			);
			name = ActivityIndicator;
			productName = ActivityIndicator;
			productReference = 8456DC911B32AB6C00DCD42F /* ActivityIndicator.app */;
			productType = "com.apple.product-type.application";
		};
		8456DCA51B32AB6C00DCD42F /* ActivityIndicatorTests */ = {
			isa = PBXNativeTarget;
			buildConfigurationList = 8456DCB31B32AB6C00DCD42F /* Build configuration list for PBXNativeTarget "ActivityIndicatorTests" */;
			buildPhases = (
				8456DCA21B32AB6C00DCD42F /* Sources */,
				8456DCA31B32AB6C00DCD42F /* Frameworks */,
				8456DCA41B32AB6C00DCD42F /* Resources */,
			);
			buildRules = (
			);
			dependencies = (
				8456DCA81B32AB6C00DCD42F /* PBXTargetDependency */,
			);
			name = ActivityIndicatorTests;
			productName = ActivityIndicatorTests;
			productReference = 8456DCA61B32AB6C00DCD42F /* ActivityIndicatorTests.xctest */;
			productType = "com.apple.product-type.bundle.unit-test";
		};
/* End PBXNativeTarget section */

/* Begin PBXProject section */
		8456DC891B32AB6C00DCD42F /* Project object */ = {
			isa = PBXProject;
			attributes = {
				LastUpgradeCheck = 0630;
				ORGANIZATIONNAME = dd.kostin;
				TargetAttributes = {
					8456DC901B32AB6C00DCD42F = {
						CreatedOnToolsVersion = 6.3.2;
					};
					8456DCA51B32AB6C00DCD42F = {
						CreatedOnToolsVersion = 6.3.2;
						TestTargetID = 8456DC901B32AB6C00DCD42F;
					};
				};
			};
			buildConfigurationList = 8456DC8C1B32AB6C00DCD42F /* Build configuration list for PBXProject "ActivityIndicator" */;
			compatibilityVersion = "Xcode 3.2";
			developmentRegion = English;
			hasScannedForEncodings = 0;
			knownRegions = (
				en,
				Base,
			);
			mainGroup = 8456DC881B32AB6C00DCD42F;
			productRefGroup = 8456DC921B32AB6C00DCD42F /* Products */;
			projectDirPath = "";
			projectRoot = "";
			targets = (
				8456DC901B32AB6C00DCD42F /* ActivityIndicator */,
				8456DCA51B32AB6C00DCD42F /* ActivityIndicatorTests */,
			);
		};
/* End PBXProject section */

/* Begin PBXResourcesBuildPhase section */
		8456DC8F1B32AB6C00DCD42F /* Resources */ = {
			isa = PBXResourcesBuildPhase;
			buildActionMask = 2147483647;
			files = (
				8456DC9C1B32AB6C00DCD42F /* Main.storyboard in Resources */,
				8456DCA11B32AB6C00DCD42F /* LaunchScreen.xib in Resources */,
				8456DC9E1B32AB6C00DCD42F /* Images.xcassets in Resources */,
			);
			runOnlyForDeploymentPostprocessing = 0;
		};
		8456DCA41B32AB6C00DCD42F /* Resources */ = {
			isa = PBXResourcesBuildPhase;
			buildActionMask = 2147483647;
			files = (
			);
			runOnlyForDeploymentPostprocessing = 0;
		};
/* End PBXResourcesBuildPhase section */

/* Begin PBXSourcesBuildPhase section */
		8456DC8D1B32AB6C00DCD42F /* Sources */ = {
			isa = PBXSourcesBuildPhase;
			buildActionMask = 2147483647;
			files = (
				8456DC991B32AB6C00DCD42F /* ViewController.swift in Sources */,
				8456DCB71B32ABD900DCD42F /* DUIActivityIndicator.swift in Sources */,
				8456DC971B32AB6C00DCD42F /* AppDelegate.swift in Sources */,
			);
			runOnlyForDeploymentPostprocessing = 0;
		};
		8456DCA21B32AB6C00DCD42F /* Sources */ = {
			isa = PBXSourcesBuildPhase;
			buildActionMask = 2147483647;
			files = (
				8456DCAD1B32AB6C00DCD42F /* ActivityIndicatorTests.swift in Sources */,
			);
			runOnlyForDeploymentPostprocessing = 0;
		};
/* End PBXSourcesBuildPhase section */

/* Begin PBXTargetDependency section */
		8456DCA81B32AB6C00DCD42F /* PBXTargetDependency */ = {
			isa = PBXTargetDependency;
			target = 8456DC901B32AB6C00DCD42F /* ActivityIndicator */;
			targetProxy = 8456DCA71B32AB6C00DCD42F /* PBXContainerItemProxy */;
		};
/* End PBXTargetDependency section */

/* Begin PBXVariantGroup section */
		8456DC9A1B32AB6C00DCD42F /* Main.storyboard */ = {
			isa = PBXVariantGroup;
			children = (
				8456DC9B1B32AB6C00DCD42F /* Base */,
			);
			name = Main.storyboard;
			sourceTree = "<group>";
		};
		8456DC9F1B32AB6C00DCD42F /* LaunchScreen.xib */ = {
			isa = PBXVariantGroup;
			children = (
				8456DCA01B32AB6C00DCD42F /* Base */,
			);
			name = LaunchScreen.xib;
			sourceTree = "<group>";
		};
/* End PBXVariantGroup section */

/* Begin XCBuildConfiguration section */
		8456DCAE1B32AB6C00DCD42F /* Debug */ = {
			isa = XCBuildConfiguration;
			buildSettings = {
				ALWAYS_SEARCH_USER_PATHS = NO;
				CLANG_CXX_LANGUAGE_STANDARD = "gnu++0x";
				CLANG_CXX_LIBRARY = "libc++";
				CLANG_ENABLE_MODULES = YES;
				CLANG_ENABLE_OBJC_ARC = YES;
				CLANG_WARN_BOOL_CONVERSION = YES;
				CLANG_WARN_CONSTANT_CONVERSION = YES;
				CLANG_WARN_DIRECT_OBJC_ISA_USAGE = YES_ERROR;
				CLANG_WARN_EMPTY_BODY = YES;
				CLANG_WARN_ENUM_CONVERSION = YES;
				CLANG_WARN_INT_CONVERSION = YES;
				CLANG_WARN_OBJC_ROOT_CLASS = YES_ERROR;
				CLANG_WARN_UNREACHABLE_CODE = YES;
				CLANG_WARN__DUPLICATE_METHOD_MATCH = YES;
				"CODE_SIGN_IDENTITY[sdk=iphoneos*]" = "iPhone Developer";
				COPY_PHASE_STRIP = NO;
				DEBUG_INFORMATION_FORMAT = "dwarf-with-dsym";
				ENABLE_STRICT_OBJC_MSGSEND = YES;
				GCC_C_LANGUAGE_STANDARD = gnu99;
				GCC_DYNAMIC_NO_PIC = NO;
				GCC_NO_COMMON_BLOCKS = YES;
				GCC_OPTIMIZATION_LEVEL = 0;
				GCC_PREPROCESSOR_DEFINITIONS = (
					"DEBUG=1",
					"$(inherited)",
				);
				GCC_SYMBOLS_PRIVATE_EXTERN = NO;
				GCC_WARN_64_TO_32_BIT_CONVERSION = YES;
				GCC_WARN_ABOUT_RETURN_TYPE = YES_ERROR;
				GCC_WARN_UNDECLARED_SELECTOR = YES;
				GCC_WARN_UNINITIALIZED_AUTOS = YES_AGGRESSIVE;
				GCC_WARN_UNUSED_FUNCTION = YES;
				GCC_WARN_UNUSED_VARIABLE = YES;
				IPHONEOS_DEPLOYMENT_TARGET = 8.3;
				MTL_ENABLE_DEBUG_INFO = YES;
				ONLY_ACTIVE_ARCH = YES;
				SDKROOT = iphoneos;
				SWIFT_OPTIMIZATION_LEVEL = "-Onone";
			};
			name = Debug;
		};
		8456DCAF1B32AB6C00DCD42F /* Release */ = {
			isa = XCBuildConfiguration;
			buildSettings = {
				ALWAYS_SEARCH_USER_PATHS = NO;
				CLANG_CXX_LANGUAGE_STANDARD = "gnu++0x";
				CLANG_CXX_LIBRARY = "libc++";
				CLANG_ENABLE_MODULES = YES;
				CLANG_ENABLE_OBJC_ARC = YES;
				CLANG_WARN_BOOL_CONVERSION = YES;
				CLANG_WARN_CONSTANT_CONVERSION = YES;
				CLANG_WARN_DIRECT_OBJC_ISA_USAGE = YES_ERROR;
				CLANG_WARN_EMPTY_BODY = YES;
				CLANG_WARN_ENUM_CONVERSION = YES;
				CLANG_WARN_INT_CONVERSION = YES;
				CLANG_WARN_OBJC_ROOT_CLASS = YES_ERROR;
				CLANG_WARN_UNREACHABLE_CODE = YES;
				CLANG_WARN__DUPLICATE_METHOD_MATCH = YES;
				"CODE_SIGN_IDENTITY[sdk=iphoneos*]" = "iPhone Developer";
				COPY_PHASE_STRIP = NO;
				DEBUG_INFORMATION_FORMAT = "dwarf-with-dsym";
				ENABLE_NS_ASSERTIONS = NO;
				ENABLE_STRICT_OBJC_MSGSEND = YES;
				GCC_C_LANGUAGE_STANDARD = gnu99;
				GCC_NO_COMMON_BLOCKS = YES;
				GCC_WARN_64_TO_32_BIT_CONVERSION = YES;
				GCC_WARN_ABOUT_RETURN_TYPE = YES_ERROR;
				GCC_WARN_UNDECLARED_SELECTOR = YES;
				GCC_WARN_UNINITIALIZED_AUTOS = YES_AGGRESSIVE;
				GCC_WARN_UNUSED_FUNCTION = YES;
				GCC_WARN_UNUSED_VARIABLE = YES;
				IPHONEOS_DEPLOYMENT_TARGET = 8.3;
				MTL_ENABLE_DEBUG_INFO = NO;
				SDKROOT = iphoneos;
				VALIDATE_PRODUCT = YES;
			};
			name = Release;
		};
		8456DCB11B32AB6C00DCD42F /* Debug */ = {
			isa = XCBuildConfiguration;
			buildSettings = {
				ASSETCATALOG_COMPILER_APPICON_NAME = AppIcon;
				INFOPLIST_FILE = ActivityIndicator/Info.plist;
				LD_RUNPATH_SEARCH_PATHS = "$(inherited) @executable_path/Frameworks";
				PRODUCT_NAME = "$(TARGET_NAME)";
			};
			name = Debug;
		};
		8456DCB21B32AB6C00DCD42F /* Release */ = {
			isa = XCBuildConfiguration;
			buildSettings = {
				ASSETCATALOG_COMPILER_APPICON_NAME = AppIcon;
				INFOPLIST_FILE = ActivityIndicator/Info.plist;
				LD_RUNPATH_SEARCH_PATHS = "$(inherited) @executable_path/Frameworks";
				PRODUCT_NAME = "$(TARGET_NAME)";
			};
			name = Release;
		};
		8456DCB41B32AB6C00DCD42F /* Debug */ = {
			isa = XCBuildConfiguration;
			buildSettings = {
				BUNDLE_LOADER = "$(TEST_HOST)";
				FRAMEWORK_SEARCH_PATHS = (
					"$(SDKROOT)/Developer/Library/Frameworks",
					"$(inherited)",
				);
				GCC_PREPROCESSOR_DEFINITIONS = (
					"DEBUG=1",
					"$(inherited)",
				);
				INFOPLIST_FILE = ActivityIndicatorTests/Info.plist;
				LD_RUNPATH_SEARCH_PATHS = "$(inherited) @executable_path/Frameworks @loader_path/Frameworks";
				PRODUCT_NAME = "$(TARGET_NAME)";
				TEST_HOST = "$(BUILT_PRODUCTS_DIR)/ActivityIndicator.app/ActivityIndicator";
			};
			name = Debug;
		};
		8456DCB51B32AB6C00DCD42F /* Release */ = {
			isa = XCBuildConfiguration;
			buildSettings = {
				BUNDLE_LOADER = "$(TEST_HOST)";
				FRAMEWORK_SEARCH_PATHS = (
					"$(SDKROOT)/Developer/Library/Frameworks",
					"$(inherited)",
				);
				INFOPLIST_FILE = ActivityIndicatorTests/Info.plist;
				LD_RUNPATH_SEARCH_PATHS = "$(inherited) @executable_path/Frameworks @loader_path/Frameworks";
				PRODUCT_NAME = "$(TARGET_NAME)";
				TEST_HOST = "$(BUILT_PRODUCTS_DIR)/ActivityIndicator.app/ActivityIndicator";
			};
			name = Release;
		};
/* End XCBuildConfiguration section */

/* Begin XCConfigurationList section */
		8456DC8C1B32AB6C00DCD42F /* Build configuration list for PBXProject "ActivityIndicator" */ = {
			isa = XCConfigurationList;
			buildConfigurations = (
				8456DCAE1B32AB6C00DCD42F /* Debug */,
				8456DCAF1B32AB6C00DCD42F /* Release */,
			);
			defaultConfigurationIsVisible = 0;
			defaultConfigurationName = Release;
		};
		8456DCB01B32AB6C00DCD42F /* Build configuration list for PBXNativeTarget "ActivityIndicator" */ = {
			isa = XCConfigurationList;
			buildConfigurations = (
				8456DCB11B32AB6C00DCD42F /* Debug */,
				8456DCB21B32AB6C00DCD42F /* Release */,
			);
			defaultConfigurationIsVisible = 0;
		};
		8456DCB31B32AB6C00DCD42F /* Build configuration list for PBXNativeTarget "ActivityIndicatorTests" */ = {
			isa = XCConfigurationList;
			buildConfigurations = (
				8456DCB41B32AB6C00DCD42F /* Debug */,
				8456DCB51B32AB6C00DCD42F /* Release */,
			);
			defaultConfigurationIsVisible = 0;
		};
/* End XCConfigurationList section */
	};
	rootObject = 8456DC891B32AB6C00DCD42F /* Project object */;
}
